
Microsoft Visual Studio Solution File, Format Version 12.00
# Visual Studio 2013
VisualStudioVersion = 12.0.40629.0
MinimumVisualStudioVersion = 10.0.40219.1
Project("{888888A0-9F3D-457C-B088-3A5042F75D52}") = "PythonApplication1", "PythonApplication1\PythonApplication1.pyproj", "{5DBEAC11-7C12-487E-B4EA-B13A51FF753D}"
EndProject
Project("{888888A0-9F3D-457C-B088-3A5042F75D52}") = "PythonApplication2", "PythonApplication2\PythonApplication2.pyproj", "{F17ED43D-54F6-49F8-B562-305BA38CFDDA}"
EndProject
Global
	GlobalSection(SolutionConfigurationPlatforms) = preSolution
		Debug|Any CPU = Debug|Any CPU
		Release|Any CPU = Release|Any CPU
	EndGlobalSection
	GlobalSection(ProjectConfigurationPlatforms) = postSolution
		{5DBEAC11-7C12-487E-B4EA-B13A51FF753D}.Debug|Any CPU.ActiveCfg = Debug|Any CPU
		{5DBEAC11-7C12-487E-B4EA-B13A51FF753D}.Debug|Any CPU.Build.0 = Debug|Any CPU
		{5DBEAC11-7C12-487E-B4EA-B13A51FF753D}.Release|Any CPU.ActiveCfg = Release|Any CPU
		{5DBEAC11-7C12-487E-B4EA-B13A51FF753D}.Release|Any CPU.Build.0 = Release|Any CPU
		{F17ED43D-54F6-49F8-B562-305BA38CFDDA}.Debug|Any CPU.ActiveCfg = Debug|Any CPU
		{F17ED43D-54F6-49F8-B562-305BA38CFDDA}.Debug|Any CPU.Build.0 = Debug|Any CPU
		{F17ED43D-54F6-49F8-B562-305BA38CFDDA}.Release|Any CPU.ActiveCfg = Release|Any CPU
		{F17ED43D-54F6-49F8-B562-305BA38CFDDA}.Release|Any CPU.Build.0 = Release|Any CPU
	EndGlobalSection
	GlobalSection(SolutionProperties) = preSolution
		HideSolutionNode = FALSE
	EndGlobalSection
EndGlobal
